
Microsoft Visual Studio Solution File, Format Version 12.00
# Visual Studio Express 14 for Windows Desktop
VisualStudioVersion = 14.0.23107.0
MinimumVisualStudioVersion = 10.0.40219.1
Project("{FAE04EC0-301F-11D3-BF4B-00C04F79EFBC}") = "01.Galactic GPS", "01.Galactic GPS\01.Galactic GPS.csproj", "{B9316C71-D2CD-405B-9EE0-CD7FF9F58C69}"
EndProject
Project("{FAE04EC0-301F-11D3-BF4B-00C04F79EFBC}") = "02.Fraction Calculator", "02.Fraction Calculator\02.Fraction Calculator.csproj", "{C85CF2E9-A76F-4E97-8BFD-943B5456323E}"
EndProject
Project("{FAE04EC0-301F-11D3-BF4B-00C04F79EFBC}") = "03.04GenericListVersion", "03.04GenericListVersion\03.04GenericListVersion.csproj", "{D7CB9C41-AF0A-4787-A977-10021138D06C}"
EndProject
Global
	GlobalSection(SolutionConfigurationPlatforms) = preSolution
		Debug|Any CPU = Debug|Any CPU
		Release|Any CPU = Release|Any CPU
	EndGlobalSection
	GlobalSection(ProjectConfigurationPlatforms) = postSolution
		{B9316C71-D2CD-405B-9EE0-CD7FF9F58C69}.Debug|Any CPU.ActiveCfg = Debug|Any CPU
		{B9316C71-D2CD-405B-9EE0-CD7FF9F58C69}.Debug|Any CPU.Build.0 = Debug|Any CPU
		{B9316C71-D2CD-405B-9EE0-CD7FF9F58C69}.Release|Any CPU.ActiveCfg = Release|Any CPU
		{B9316C71-D2CD-405B-9EE0-CD7FF9F58C69}.Release|Any CPU.Build.0 = Release|Any CPU
		{C85CF2E9-A76F-4E97-8BFD-943B5456323E}.Debug|Any CPU.ActiveCfg = Debug|Any CPU
		{C85CF2E9-A76F-4E97-8BFD-943B5456323E}.Debug|Any CPU.Build.0 = Debug|Any CPU
		{C85CF2E9-A76F-4E97-8BFD-943B5456323E}.Release|Any CPU.ActiveCfg = Release|Any CPU
		{C85CF2E9-A76F-4E97-8BFD-943B5456323E}.Release|Any CPU.Build.0 = Release|Any CPU
		{D7CB9C41-AF0A-4787-A977-10021138D06C}.Debug|Any CPU.ActiveCfg = Debug|Any CPU
		{D7CB9C41-AF0A-4787-A977-10021138D06C}.Debug|Any CPU.Build.0 = Debug|Any CPU
		{D7CB9C41-AF0A-4787-A977-10021138D06C}.Release|Any CPU.ActiveCfg = Release|Any CPU
		{D7CB9C41-AF0A-4787-A977-10021138D06C}.Release|Any CPU.Build.0 = Release|Any CPU
	EndGlobalSection
	GlobalSection(SolutionProperties) = preSolution
		HideSolutionNode = FALSE
	EndGlobalSection
EndGlobal
